dependencies:
  home-idf:
    component_hash: 9636abc568d4aaa45a23c47186aca632677fed5cd9444d230b650f9d921c4443
    dependencies:
    - name: idf
      version: '>=5.4'
    source:
      git: https://github.com/tomekceszke/home-idf.git
      path: .
      type: git
    targets:
    - esp32
    version: 1e9986918a4523cbab8f1839c64ac22a83a233f3
  idf:
    source:
      type: idf
    version: 5.4.2
direct_dependencies:
- home-idf
- idf
manifest_hash: 51b65ed960c563cb83f563c028b32b88d10218e0308dce50fc5fdbdd625e6293
target: esp32
version: 2.0.0
