dependencies:
  home-idf:
    component_hash: f1b9b7f7eb679df8787cfad5ee2b2f05ee899c2bfe03f4bc2c6bad644deb4271
    dependencies:
    - name: idf
      version: '>=5.4'
    source:
      git: https://github.com/tomekceszke/home-idf.git
      path: .
      type: git
    targets:
    - esp32
    version: 74285ff9ca30d7a482ef9126048d90f2b4f917f6
  idf:
    source:
      type: idf
    version: 5.4.2
direct_dependencies:
- home-idf
- idf
manifest_hash: 01dfdf65776758239738997ea441445727bafa54a72b36dc9beb889f5e71e31b
target: esp32
version: 2.0.0
