dependencies:
  home-idf:
    dependencies: []
    source:
      path: /Users/tomek/dev/home-idf
      type: local
    version: 0.1.2
  idf:
    source:
      type: idf
    version: 5.4.2
direct_dependencies:
- home-idf
- idf
manifest_hash: 0edefc6edffa0991e9c4b1b32bb5c39b4efd8b715f16a795348682a34815d4b5
target: esp32
version: 2.0.0
