dependencies:
  home-idf:
    component_hash: dd305ceba76cb2c225bd2b63e323122d0eee9c79e720672a0fdbd23a35cce90a
    dependencies:
    - name: idf
      version: '>=5.4'
    source:
      git: https://github.com/tomekceszke/home-idf.git
      path: .
      type: git
    targets:
    - esp32
    version: 1b7fd94230afb05eb8da0e06fa857b4a24986409
  idf:
    source:
      type: idf
    version: 5.4.2
direct_dependencies:
- home-idf
- idf
manifest_hash: 39114cf72d358af8ecb4bef70d9198ddc27739d7d2387a2f184ff656ce6cfa19
target: esp32
version: 2.0.0
